
Microsoft Visual Studio Solution File, Format Version 12.00
# Visual Studio Version 17
VisualStudioVersion = 17.11.35327.3
MinimumVisualStudioVersion = 10.0.40219.1
Project("{FAE04EC0-301F-11D3-BF4B-00C04F79EFBC}") = "HW08", "HW08.csproj", "{8B2C96CF-F03C-44E3-8868-605FEE1D31BF}"
EndProject
Global
	GlobalSection(SolutionConfigurationPlatforms) = preSolution
		Debug|Any CPU = Debug|Any CPU
		Release|Any CPU = Release|Any CPU
	EndGlobalSection
	GlobalSection(ProjectConfigurationPlatforms) = postSolution
		{8B2C96CF-F03C-44E3-8868-605FEE1D31BF}.Debug|Any CPU.ActiveCfg = Debug|Any CPU
		{8B2C96CF-F03C-44E3-8868-605FEE1D31BF}.Debug|Any CPU.Build.0 = Debug|Any CPU
		{8B2C96CF-F03C-44E3-8868-605FEE1D31BF}.Release|Any CPU.ActiveCfg = Release|Any CPU
		{8B2C96CF-F03C-44E3-8868-605FEE1D31BF}.Release|Any CPU.Build.0 = Release|Any CPU
	EndGlobalSection
	GlobalSection(SolutionProperties) = preSolution
		HideSolutionNode = FALSE
	EndGlobalSection
	GlobalSection(ExtensibilityGlobals) = postSolution
		SolutionGuid = {8030334A-89D0-47B1-9610-3505CF70CF9A}
	EndGlobalSection
EndGlobal
